
Microsoft Visual Studio Solution File, Format Version 12.00
# Visual Studio Version 17
VisualStudioVersion = 17.1.31911.260
MinimumVisualStudioVersion = 10.0.40219.1
Project("{FAE04EC0-301F-11D3-BF4B-00C04F79EFBC}") = "Rpcs3GenerateStubs", "Rpcs3GenerateStubs\Rpcs3GenerateStubs.csproj", "{0E76470F-0DFB-4812-B8E8-A8B9840D35C2}"
EndProject
Project("{FAE04EC0-301F-11D3-BF4B-00C04F79EFBC}") = "PS3Utils", "PS3Utils\PS3Utils.csproj", "{0C65D40A-9507-4657-A1BA-4FDF2519AB8A}"
EndProject
Project("{FAE04EC0-301F-11D3-BF4B-00C04F79EFBC}") = "Rpcs3GenerateStubsGui", "Rpcs3GenerateStubsGui\Rpcs3GenerateStubsGui.csproj", "{C93DE4CD-B706-4EF8-BB5F-5F05E623EB8C}"
EndProject
Global
	GlobalSection(SolutionConfigurationPlatforms) = preSolution
		Debug|Any CPU = Debug|Any CPU
		Release|Any CPU = Release|Any CPU
	EndGlobalSection
	GlobalSection(ProjectConfigurationPlatforms) = postSolution
		{0E76470F-0DFB-4812-B8E8-A8B9840D35C2}.Debug|Any CPU.ActiveCfg = Debug|Any CPU
		{0E76470F-0DFB-4812-B8E8-A8B9840D35C2}.Debug|Any CPU.Build.0 = Debug|Any CPU
		{0E76470F-0DFB-4812-B8E8-A8B9840D35C2}.Release|Any CPU.ActiveCfg = Release|Any CPU
		{0E76470F-0DFB-4812-B8E8-A8B9840D35C2}.Release|Any CPU.Build.0 = Release|Any CPU
		{0C65D40A-9507-4657-A1BA-4FDF2519AB8A}.Debug|Any CPU.ActiveCfg = Debug|Any CPU
		{0C65D40A-9507-4657-A1BA-4FDF2519AB8A}.Debug|Any CPU.Build.0 = Debug|Any CPU
		{0C65D40A-9507-4657-A1BA-4FDF2519AB8A}.Release|Any CPU.ActiveCfg = Release|Any CPU
		{0C65D40A-9507-4657-A1BA-4FDF2519AB8A}.Release|Any CPU.Build.0 = Release|Any CPU
		{C93DE4CD-B706-4EF8-BB5F-5F05E623EB8C}.Debug|Any CPU.ActiveCfg = Debug|Any CPU
		{C93DE4CD-B706-4EF8-BB5F-5F05E623EB8C}.Debug|Any CPU.Build.0 = Debug|Any CPU
		{C93DE4CD-B706-4EF8-BB5F-5F05E623EB8C}.Release|Any CPU.ActiveCfg = Release|Any CPU
		{C93DE4CD-B706-4EF8-BB5F-5F05E623EB8C}.Release|Any CPU.Build.0 = Release|Any CPU
	EndGlobalSection
	GlobalSection(SolutionProperties) = preSolution
		HideSolutionNode = FALSE
	EndGlobalSection
	GlobalSection(ExtensibilityGlobals) = postSolution
		SolutionGuid = {2A15EC66-B486-48BF-AF48-CF1C7A4F2348}
	EndGlobalSection
EndGlobal
